dependencies:
- name: etcd
  repository: https://raw.githubusercontent.com/bitnami/charts/archive-full-index/bitnami
  version: 11.1.5
- name: minio
  repository: https://zilliztech.github.io/milvus-helm
  version: 8.0.17
- name: pulsarv2
  repository: https://zilliztech.github.io/milvus-helm
  version: 2.7.8
- name: pulsar
  repository: https://pulsar.apache.org/charts
  version: 3.3.0
- name: kafka
  repository: https://raw.githubusercontent.com/bitnami/charts/archive-full-index/bitnami
  version: 15.5.1
digest: sha256:00669237b9fe707737749ba42b80542833d9b49ab201e68360d3fb8eff05a27f
generated: "2025-03-19T00:21:04.69649569+05:00"
