dependencies:
- name: etcd
  repository: https://raw.githubusercontent.com/bitnami/charts/archive-full-index/bitnami
  version: 6.3.3
- name: minio
  repository: https://zilliztech.github.io/milvus-helm
  version: 8.0.17
- name: pulsar
  repository: https://pulsar.apache.org/charts
  version: 2.7.8
- name: kafka
  repository: https://raw.githubusercontent.com/bitnami/charts/archive-full-index/bitnami
  version: 15.5.1
digest: sha256:74a42f201ec912067249ae71c08e1ed6cf14f5ec21b350801340b1286816f9a8
generated: "2024-05-06T15:58:35.219386+08:00"
