dependencies:
- name: etcd
  repository: https://raw.githubusercontent.com/bitnami/charts/archive-full-index/bitnami
  version: 8.12.0
- name: minio
  repository: https://zilliztech.github.io/milvus-helm
  version: 8.0.17
- name: pulsarv2
  repository: https://zilliztech.github.io/milvus-helm
  version: 2.7.8
- name: pulsar
  repository: https://pulsar.apache.org/charts
  version: 3.3.0
- name: pulsar
  repository: https://pulsar.apache.org/charts
  version: 4.6.0
- name: kafka
  repository: https://raw.githubusercontent.com/bitnami/charts/archive-full-index/bitnami
  version: 15.5.1
- name: tei
  repository: https://zilliztech.github.io/milvus-helm
  version: 1.6.0
digest: sha256:bee5fdc023f8b118baa3fe4c1be9b307fa239cdf41f7548ab06e7eec61f6992e
generated: "2026-05-20T16:22:47.943753-07:00"
